
Microsoft Visual Studio Solution File, Format Version 12.00
# Visual Studio Version 16
VisualStudioVersion = 25.0.1706.12
MinimumVisualStudioVersion = 10.0.40219.1
Project("{FAE04EC0-301F-11D3-BF4B-00C04F79EFBC}") = "SkillsTest", "SkillsTest.csproj", "{35C9B472-4459-4BA5-9EB6-E3AD5193CAE4}"
EndProject
Global
	GlobalSection(SolutionConfigurationPlatforms) = preSolution
		Debug|Any CPU = Debug|Any CPU
		Release|Any CPU = Release|Any CPU
	EndGlobalSection
	GlobalSection(ProjectConfigurationPlatforms) = postSolution
		{35C9B472-4459-4BA5-9EB6-E3AD5193CAE4}.Debug|Any CPU.ActiveCfg = Debug|Any CPU
		{35C9B472-4459-4BA5-9EB6-E3AD5193CAE4}.Debug|Any CPU.Build.0 = Debug|Any CPU
		{35C9B472-4459-4BA5-9EB6-E3AD5193CAE4}.Release|Any CPU.ActiveCfg = Release|Any CPU
		{35C9B472-4459-4BA5-9EB6-E3AD5193CAE4}.Release|Any CPU.Build.0 = Release|Any CPU
	EndGlobalSection
	GlobalSection(SolutionProperties) = preSolution
		HideSolutionNode = FALSE
	EndGlobalSection
	GlobalSection(ExtensibilityGlobals) = postSolution
		SolutionGuid = {26FE23D7-0E79-4FEC-B23A-4993827B96EF}
	EndGlobalSection
EndGlobal
